// !$*UTF8*$!
{
	archiveVersion = 1;
	classes = {
	};
	objectVersion = 56;
	objects = {

/* Begin PBXBuildFile section */
		CA2F1C412C14E24F00BD2BC9 /* BLEManager.swift in Sources */ = {isa = PBXBuildFile; fileRef = CA2F1C402C14E24F00BD2BC9 /* BLEManager.swift */; };
		CA2F1C432C14E26800BD2BC9 /* ContentView.swift in Sources */ = {isa = PBXBuildFile; fileRef = CA2F1C422C14E26800BD2BC9 /* ContentView.swift */; };
		CA2F1C462C15B02700BD2BC9 /* ObjcExceptionBridging in Frameworks */ = {isa = PBXBuildFile; productRef = CA2F1C452C15B02700BD2BC9 /* ObjcExceptionBridging */; };
		CA2F1C482C15B02700BD2BC9 /* XCGLogger in Frameworks */ = {isa = PBXBuildFile; productRef = CA2F1C472C15B02700BD2BC9 /* XCGLogger */; };
		CA2F1C4C2C15B26500BD2BC9 /* log.swift in Sources */ = {isa = PBXBuildFile; fileRef = CA2F1C4B2C15B26500BD2BC9 /* log.swift */; };
		CA2F1C512C15C7DF00BD2BC9 /* DeviceDetailsView.swift in Sources */ = {isa = PBXBuildFile; fileRef = CA2F1C502C15C7DF00BD2BC9 /* DeviceDetailsView.swift */; };
		CA2F1C532C15C97300BD2BC9 /* DeviceSelectionRowView.swift in Sources */ = {isa = PBXBuildFile; fileRef = CA2F1C522C15C97300BD2BC9 /* DeviceSelectionRowView.swift */; };
		CA2F1C572C15CBC000BD2BC9 /* DeviceSelectionView.swift in Sources */ = {isa = PBXBuildFile; fileRef = CA2F1C562C15CBC000BD2BC9 /* DeviceSelectionView.swift */; };
		CA2F1C592C16683F00BD2BC9 /* DeviceControlsView.swift in Sources */ = {isa = PBXBuildFile; fileRef = CA2F1C582C16683F00BD2BC9 /* DeviceControlsView.swift */; };
		CA2F1C5B2C166AF900BD2BC9 /* DeviceDetailsChartView.swift in Sources */ = {isa = PBXBuildFile; fileRef = CA2F1C5A2C166AF900BD2BC9 /* DeviceDetailsChartView.swift */; };
		CA2F1C5F2C166CAF00BD2BC9 /* GraphView.swift in Sources */ = {isa = PBXBuildFile; fileRef = CA2F1C5E2C166CAF00BD2BC9 /* GraphView.swift */; };
		CA2F1C652C1684E300BD2BC9 /* DeviceSettingsView.swift in Sources */ = {isa = PBXBuildFile; fileRef = CA2F1C642C1684E300BD2BC9 /* DeviceSettingsView.swift */; };
		CA2F1C682C16855C00BD2BC9 /* SettingsView.swift in Sources */ = {isa = PBXBuildFile; fileRef = CA2F1C672C16855C00BD2BC9 /* SettingsView.swift */; };
		CA2F1C6A2C16858C00BD2BC9 /* AppDelegate.swift in Sources */ = {isa = PBXBuildFile; fileRef = CA2F1C692C16858C00BD2BC9 /* AppDelegate.swift */; };
		CA5914232C1DDD82003A0399 /* LoaderView.swift in Sources */ = {isa = PBXBuildFile; fileRef = CA5914222C1DDD82003A0399 /* LoaderView.swift */; };
		CA5B8D0B2C1CABD3003ADBBB /* Localizable.xcstrings in Resources */ = {isa = PBXBuildFile; fileRef = CA5B8D0A2C1CABD3003ADBBB /* Localizable.xcstrings */; };
		CA5B8D0D2C1CAD19003ADBBB /* DeviceDetermination.swift in Sources */ = {isa = PBXBuildFile; fileRef = CA5B8D0C2C1CAD15003ADBBB /* DeviceDetermination.swift */; };
		CA5B8D0F2C1CC49B003ADBBB /* DeviceControlsBatterySection.swift in Sources */ = {isa = PBXBuildFile; fileRef = CA5B8D0E2C1CC49A003ADBBB /* DeviceControlsBatterySection.swift */; };
		CA5B8D112C1CCCE0003ADBBB /* DeviceInformationSection.swift in Sources */ = {isa = PBXBuildFile; fileRef = CA5B8D102C1CCCE0003ADBBB /* DeviceInformationSection.swift */; };
		CA5B8D132C1CCD05003ADBBB /* DeviceSettingsSection.swift in Sources */ = {isa = PBXBuildFile; fileRef = CA5B8D122C1CCD05003ADBBB /* DeviceSettingsSection.swift */; };
		CA94E8712C147E75009D33E0 /* sbcontrolApp.swift in Sources */ = {isa = PBXBuildFile; fileRef = CA94E8702C147E75009D33E0 /* sbcontrolApp.swift */; };
		CA94E8752C147E76009D33E0 /* Assets.xcassets in Resources */ = {isa = PBXBuildFile; fileRef = CA94E8742C147E76009D33E0 /* Assets.xcassets */; };
		CA94E8792C147E76009D33E0 /* Preview Assets.xcassets in Resources */ = {isa = PBXBuildFile; fileRef = CA94E8782C147E76009D33E0 /* Preview Assets.xcassets */; };
		CA94E8832C147E77009D33E0 /* sbcontrolTests.swift in Sources */ = {isa = PBXBuildFile; fileRef = CA94E8822C147E77009D33E0 /* sbcontrolTests.swift */; };
		CA94E88D2C147E77009D33E0 /* sbcontrolUITests.swift in Sources */ = {isa = PBXBuildFile; fileRef = CA94E88C2C147E77009D33E0 /* sbcontrolUITests.swift */; };
		CA94E88F2C147E77009D33E0 /* sbcontrolUITestsLaunchTests.swift in Sources */ = {isa = PBXBuildFile; fileRef = CA94E88E2C147E77009D33E0 /* sbcontrolUITestsLaunchTests.swift */; };
		CACA75942C18D171003A984C /* DeviceControlsTemperatureSection.swift in Sources */ = {isa = PBXBuildFile; fileRef = CACA75932C18D14A003A984C /* DeviceControlsTemperatureSection.swift */; };
		CACA75962C18D251003A984C /* DeviceControlsHeatButton.swift in Sources */ = {isa = PBXBuildFile; fileRef = CACA75952C18D251003A984C /* DeviceControlsHeatButton.swift */; };
		CACA75982C18D2FD003A984C /* DeviceControlsAirButton.swift in Sources */ = {isa = PBXBuildFile; fileRef = CACA75972C18D2F7003A984C /* DeviceControlsAirButton.swift */; };
		CACA759B2C190317003A984C /* Volcano.swift in Sources */ = {isa = PBXBuildFile; fileRef = CACA759A2C190314003A984C /* Volcano.swift */; };
		CACA759D2C190F21003A984C /* SBDevice.swift in Sources */ = {isa = PBXBuildFile; fileRef = CACA759C2C190F19003A984C /* SBDevice.swift */; };
		CACA759F2C1910BC003A984C /* Crafty.swift in Sources */ = {isa = PBXBuildFile; fileRef = CACA759E2C1910BA003A984C /* Crafty.swift */; };
/* End PBXBuildFile section */

/* Begin PBXContainerItemProxy section */
		CA94E87F2C147E77009D33E0 /* PBXContainerItemProxy */ = {
			isa = PBXContainerItemProxy;
			containerPortal = CA94E8652C147E75009D33E0 /* Project object */;
			proxyType = 1;
			remoteGlobalIDString = CA94E86C2C147E75009D33E0;
			remoteInfo = sbcontrol;
		};
		CA94E8892C147E77009D33E0 /* PBXContainerItemProxy */ = {
			isa = PBXContainerItemProxy;
			containerPortal = CA94E8652C147E75009D33E0 /* Project object */;
			proxyType = 1;
			remoteGlobalIDString = CA94E86C2C147E75009D33E0;
			remoteInfo = sbcontrol;
		};
/* End PBXContainerItemProxy section */

/* Begin PBXFileReference section */
		CA2F1C402C14E24F00BD2BC9 /* BLEManager.swift */ = {isa = PBXFileReference; lastKnownFileType = sourcecode.swift; path = BLEManager.swift; sourceTree = "<group>"; };
		CA2F1C422C14E26800BD2BC9 /* ContentView.swift */ = {isa = PBXFileReference; lastKnownFileType = sourcecode.swift; path = ContentView.swift; sourceTree = "<group>"; };
		CA2F1C4B2C15B26500BD2BC9 /* log.swift */ = {isa = PBXFileReference; lastKnownFileType = sourcecode.swift; path = log.swift; sourceTree = "<group>"; };
		CA2F1C502C15C7DF00BD2BC9 /* DeviceDetailsView.swift */ = {isa = PBXFileReference; lastKnownFileType = sourcecode.swift; path = DeviceDetailsView.swift; sourceTree = "<group>"; };
		CA2F1C522C15C97300BD2BC9 /* DeviceSelectionRowView.swift */ = {isa = PBXFileReference; lastKnownFileType = sourcecode.swift; path = DeviceSelectionRowView.swift; sourceTree = "<group>"; };
		CA2F1C562C15CBC000BD2BC9 /* DeviceSelectionView.swift */ = {isa = PBXFileReference; fileEncoding = 4; lastKnownFileType = sourcecode.swift; path = DeviceSelectionView.swift; sourceTree = "<group>"; };
		CA2F1C582C16683F00BD2BC9 /* DeviceControlsView.swift */ = {isa = PBXFileReference; lastKnownFileType = sourcecode.swift; path = DeviceControlsView.swift; sourceTree = "<group>"; };
		CA2F1C5A2C166AF900BD2BC9 /* DeviceDetailsChartView.swift */ = {isa = PBXFileReference; lastKnownFileType = sourcecode.swift; path = DeviceDetailsChartView.swift; sourceTree = "<group>"; };
		CA2F1C5E2C166CAF00BD2BC9 /* GraphView.swift */ = {isa = PBXFileReference; lastKnownFileType = sourcecode.swift; path = GraphView.swift; sourceTree = "<group>"; };
		CA2F1C642C1684E300BD2BC9 /* DeviceSettingsView.swift */ = {isa = PBXFileReference; lastKnownFileType = sourcecode.swift; path = DeviceSettingsView.swift; sourceTree = "<group>"; };
		CA2F1C672C16855C00BD2BC9 /* SettingsView.swift */ = {isa = PBXFileReference; lastKnownFileType = sourcecode.swift; path = SettingsView.swift; sourceTree = "<group>"; };
		CA2F1C692C16858C00BD2BC9 /* AppDelegate.swift */ = {isa = PBXFileReference; lastKnownFileType = sourcecode.swift; path = AppDelegate.swift; sourceTree = "<group>"; };
		CA5914222C1DDD82003A0399 /* LoaderView.swift */ = {isa = PBXFileReference; lastKnownFileType = sourcecode.swift; path = LoaderView.swift; sourceTree = "<group>"; };
		CA5B8D0A2C1CABD3003ADBBB /* Localizable.xcstrings */ = {isa = PBXFileReference; lastKnownFileType = text.json.xcstrings; path = Localizable.xcstrings; sourceTree = "<group>"; };
		CA5B8D0C2C1CAD15003ADBBB /* DeviceDetermination.swift */ = {isa = PBXFileReference; lastKnownFileType = sourcecode.swift; path = DeviceDetermination.swift; sourceTree = "<group>"; };
		CA5B8D0E2C1CC49A003ADBBB /* DeviceControlsBatterySection.swift */ = {isa = PBXFileReference; lastKnownFileType = sourcecode.swift; path = DeviceControlsBatterySection.swift; sourceTree = "<group>"; };
		CA5B8D102C1CCCE0003ADBBB /* DeviceInformationSection.swift */ = {isa = PBXFileReference; lastKnownFileType = sourcecode.swift; path = DeviceInformationSection.swift; sourceTree = "<group>"; };
		CA5B8D122C1CCD05003ADBBB /* DeviceSettingsSection.swift */ = {isa = PBXFileReference; lastKnownFileType = sourcecode.swift; path = DeviceSettingsSection.swift; sourceTree = "<group>"; };
		CA94E86D2C147E75009D33E0 /* sbcontrol.app */ = {isa = PBXFileReference; explicitFileType = wrapper.application; includeInIndex = 0; path = sbcontrol.app; sourceTree = BUILT_PRODUCTS_DIR; };
		CA94E8702C147E75009D33E0 /* sbcontrolApp.swift */ = {isa = PBXFileReference; lastKnownFileType = sourcecode.swift; path = sbcontrolApp.swift; sourceTree = "<group>"; };
		CA94E8742C147E76009D33E0 /* Assets.xcassets */ = {isa = PBXFileReference; lastKnownFileType = folder.assetcatalog; path = Assets.xcassets; sourceTree = "<group>"; };
		CA94E8762C147E76009D33E0 /* sbcontrol.entitlements */ = {isa = PBXFileReference; lastKnownFileType = text.plist.entitlements; path = sbcontrol.entitlements; sourceTree = "<group>"; };
		CA94E8782C147E76009D33E0 /* Preview Assets.xcassets */ = {isa = PBXFileReference; lastKnownFileType = folder.assetcatalog; path = "Preview Assets.xcassets"; sourceTree = "<group>"; };
		CA94E87E2C147E77009D33E0 /* sbcontrolTests.xctest */ = {isa = PBXFileReference; explicitFileType = wrapper.cfbundle; includeInIndex = 0; path = sbcontrolTests.xctest; sourceTree = BUILT_PRODUCTS_DIR; };
		CA94E8822C147E77009D33E0 /* sbcontrolTests.swift */ = {isa = PBXFileReference; lastKnownFileType = sourcecode.swift; path = sbcontrolTests.swift; sourceTree = "<group>"; };
		CA94E8882C147E77009D33E0 /* sbcontrolUITests.xctest */ = {isa = PBXFileReference; explicitFileType = wrapper.cfbundle; includeInIndex = 0; path = sbcontrolUITests.xctest; sourceTree = BUILT_PRODUCTS_DIR; };
		CA94E88C2C147E77009D33E0 /* sbcontrolUITests.swift */ = {isa = PBXFileReference; lastKnownFileType = sourcecode.swift; path = sbcontrolUITests.swift; sourceTree = "<group>"; };
		CA94E88E2C147E77009D33E0 /* sbcontrolUITestsLaunchTests.swift */ = {isa = PBXFileReference; lastKnownFileType = sourcecode.swift; path = sbcontrolUITestsLaunchTests.swift; sourceTree = "<group>"; };
		CACA75932C18D14A003A984C /* DeviceControlsTemperatureSection.swift */ = {isa = PBXFileReference; lastKnownFileType = sourcecode.swift; path = DeviceControlsTemperatureSection.swift; sourceTree = "<group>"; };
		CACA75952C18D251003A984C /* DeviceControlsHeatButton.swift */ = {isa = PBXFileReference; lastKnownFileType = sourcecode.swift; path = DeviceControlsHeatButton.swift; sourceTree = "<group>"; };
		CACA75972C18D2F7003A984C /* DeviceControlsAirButton.swift */ = {isa = PBXFileReference; lastKnownFileType = sourcecode.swift; path = DeviceControlsAirButton.swift; sourceTree = "<group>"; };
		CACA759A2C190314003A984C /* Volcano.swift */ = {isa = PBXFileReference; lastKnownFileType = sourcecode.swift; path = Volcano.swift; sourceTree = "<group>"; };
		CACA759C2C190F19003A984C /* SBDevice.swift */ = {isa = PBXFileReference; lastKnownFileType = sourcecode.swift; path = SBDevice.swift; sourceTree = "<group>"; };
		CACA759E2C1910BA003A984C /* Crafty.swift */ = {isa = PBXFileReference; lastKnownFileType = sourcecode.swift; path = Crafty.swift; sourceTree = "<group>"; };
/* End PBXFileReference section */

/* Begin PBXFrameworksBuildPhase section */
		CA94E86A2C147E75009D33E0 /* Frameworks */ = {
			isa = PBXFrameworksBuildPhase;
			buildActionMask = 2147483647;
			files = (
				CA2F1C462C15B02700BD2BC9 /* ObjcExceptionBridging in Frameworks */,
				CA2F1C482C15B02700BD2BC9 /* XCGLogger in Frameworks */,
			);
			runOnlyForDeploymentPostprocessing = 0;
		};
		CA94E87B2C147E77009D33E0 /* Frameworks */ = {
			isa = PBXFrameworksBuildPhase;
			buildActionMask = 2147483647;
			files = (
			);
			runOnlyForDeploymentPostprocessing = 0;
		};
		CA94E8852C147E77009D33E0 /* Frameworks */ = {
			isa = PBXFrameworksBuildPhase;
			buildActionMask = 2147483647;
			files = (
			);
			runOnlyForDeploymentPostprocessing = 0;
		};
/* End PBXFrameworksBuildPhase section */

/* Begin PBXGroup section */
		CA2F1C4D2C15C76C00BD2BC9 /* Views */ = {
			isa = PBXGroup;
			children = (
				CA2F1C662C16854E00BD2BC9 /* Settings */,
				CA2F1C552C15CB7B00BD2BC9 /* DeviceDetails */,
				CA2F1C542C15CB6E00BD2BC9 /* DeviceSelection */,
				CA2F1C5E2C166CAF00BD2BC9 /* GraphView.swift */,
				CA5914222C1DDD82003A0399 /* LoaderView.swift */,
			);
			path = Views;
			sourceTree = "<group>";
		};
		CA2F1C542C15CB6E00BD2BC9 /* DeviceSelection */ = {
			isa = PBXGroup;
			children = (
				CA2F1C562C15CBC000BD2BC9 /* DeviceSelectionView.swift */,
				CA2F1C522C15C97300BD2BC9 /* DeviceSelectionRowView.swift */,
			);
			path = DeviceSelection;
			sourceTree = "<group>";
		};
		CA2F1C552C15CB7B00BD2BC9 /* DeviceDetails */ = {
			isa = PBXGroup;
			children = (
				CA2F1C632C1684D700BD2BC9 /* Settings */,
				CA2F1C602C16845E00BD2BC9 /* Control */,
				CA2F1C502C15C7DF00BD2BC9 /* DeviceDetailsView.swift */,
				CA2F1C5A2C166AF900BD2BC9 /* DeviceDetailsChartView.swift */,
			);
			path = DeviceDetails;
			sourceTree = "<group>";
		};
		CA2F1C602C16845E00BD2BC9 /* Control */ = {
			isa = PBXGroup;
			children = (
				CACA75932C18D14A003A984C /* DeviceControlsTemperatureSection.swift */,
				CACA75952C18D251003A984C /* DeviceControlsHeatButton.swift */,
				CACA75972C18D2F7003A984C /* DeviceControlsAirButton.swift */,
				CA5B8D0E2C1CC49A003ADBBB /* DeviceControlsBatterySection.swift */,
				CA2F1C582C16683F00BD2BC9 /* DeviceControlsView.swift */,
			);
			path = Control;
			sourceTree = "<group>";
		};
		CA2F1C632C1684D700BD2BC9 /* Settings */ = {
			isa = PBXGroup;
			children = (
				CA2F1C642C1684E300BD2BC9 /* DeviceSettingsView.swift */,
				CA5B8D102C1CCCE0003ADBBB /* DeviceInformationSection.swift */,
				CA5B8D122C1CCD05003ADBBB /* DeviceSettingsSection.swift */,
			);
			path = Settings;
			sourceTree = "<group>";
		};
		CA2F1C662C16854E00BD2BC9 /* Settings */ = {
			isa = PBXGroup;
			children = (
				CA2F1C672C16855C00BD2BC9 /* SettingsView.swift */,
			);
			path = Settings;
			sourceTree = "<group>";
		};
		CA94E8642C147E75009D33E0 = {
			isa = PBXGroup;
			children = (
				CA94E86F2C147E75009D33E0 /* sbcontrol */,
				CA94E8812C147E77009D33E0 /* sbcontrolTests */,
				CA94E88B2C147E77009D33E0 /* sbcontrolUITests */,
				CA94E86E2C147E75009D33E0 /* Products */,
			);
			sourceTree = "<group>";
		};
		CA94E86E2C147E75009D33E0 /* Products */ = {
			isa = PBXGroup;
			children = (
				CA94E86D2C147E75009D33E0 /* sbcontrol.app */,
				CA94E87E2C147E77009D33E0 /* sbcontrolTests.xctest */,
				CA94E8882C147E77009D33E0 /* sbcontrolUITests.xctest */,
			);
			name = Products;
			sourceTree = "<group>";
		};
		CA94E86F2C147E75009D33E0 /* sbcontrol */ = {
			isa = PBXGroup;
			children = (
				CA5B8D0A2C1CABD3003ADBBB /* Localizable.xcstrings */,
				CACA75992C190302003A984C /* Devices */,
				CA2F1C4D2C15C76C00BD2BC9 /* Views */,
				CA94E8702C147E75009D33E0 /* sbcontrolApp.swift */,
				CA2F1C692C16858C00BD2BC9 /* AppDelegate.swift */,
				CA2F1C422C14E26800BD2BC9 /* ContentView.swift */,
				CA2F1C402C14E24F00BD2BC9 /* BLEManager.swift */,
				CA94E8742C147E76009D33E0 /* Assets.xcassets */,
				CA94E8762C147E76009D33E0 /* sbcontrol.entitlements */,
				CA94E8772C147E76009D33E0 /* Preview Content */,
				CA2F1C4B2C15B26500BD2BC9 /* log.swift */,
			);
			path = sbcontrol;
			sourceTree = "<group>";
		};
		CA94E8772C147E76009D33E0 /* Preview Content */ = {
			isa = PBXGroup;
			children = (
				CA94E8782C147E76009D33E0 /* Preview Assets.xcassets */,
			);
			path = "Preview Content";
			sourceTree = "<group>";
		};
		CA94E8812C147E77009D33E0 /* sbcontrolTests */ = {
			isa = PBXGroup;
			children = (
				CA94E8822C147E77009D33E0 /* sbcontrolTests.swift */,
			);
			path = sbcontrolTests;
			sourceTree = "<group>";
		};
		CA94E88B2C147E77009D33E0 /* sbcontrolUITests */ = {
			isa = PBXGroup;
			children = (
				CA94E88C2C147E77009D33E0 /* sbcontrolUITests.swift */,
				CA94E88E2C147E77009D33E0 /* sbcontrolUITestsLaunchTests.swift */,
			);
			path = sbcontrolUITests;
			sourceTree = "<group>";
		};
		CACA75992C190302003A984C /* Devices */ = {
			isa = PBXGroup;
			children = (
				CA5B8D0C2C1CAD15003ADBBB /* DeviceDetermination.swift */,
				CACA759C2C190F19003A984C /* SBDevice.swift */,
				CACA759A2C190314003A984C /* Volcano.swift */,
				CACA759E2C1910BA003A984C /* Crafty.swift */,
			);
			path = Devices;
			sourceTree = "<group>";
		};
/* End PBXGroup section */

/* Begin PBXNativeTarget section */
		CA94E86C2C147E75009D33E0 /* sbcontrol */ = {
			isa = PBXNativeTarget;
			buildConfigurationList = CA94E8922C147E77009D33E0 /* Build configuration list for PBXNativeTarget "sbcontrol" */;
			buildPhases = (
				CA94E8692C147E75009D33E0 /* Sources */,
				CA94E86A2C147E75009D33E0 /* Frameworks */,
				CA94E86B2C147E75009D33E0 /* Resources */,
			);
			buildRules = (
			);
			dependencies = (
			);
			name = sbcontrol;
			packageProductDependencies = (
				CA2F1C452C15B02700BD2BC9 /* ObjcExceptionBridging */,
				CA2F1C472C15B02700BD2BC9 /* XCGLogger */,
			);
			productName = sbcontrol;
			productReference = CA94E86D2C147E75009D33E0 /* sbcontrol.app */;
			productType = "com.apple.product-type.application";
		};
		CA94E87D2C147E77009D33E0 /* sbcontrolTests */ = {
			isa = PBXNativeTarget;
			buildConfigurationList = CA94E8952C147E77009D33E0 /* Build configuration list for PBXNativeTarget "sbcontrolTests" */;
			buildPhases = (
				CA94E87A2C147E77009D33E0 /* Sources */,
				CA94E87B2C147E77009D33E0 /* Frameworks */,
				CA94E87C2C147E77009D33E0 /* Resources */,
			);
			buildRules = (
			);
			dependencies = (
				CA94E8802C147E77009D33E0 /* PBXTargetDependency */,
			);
			name = sbcontrolTests;
			productName = sbcontrolTests;
			productReference = CA94E87E2C147E77009D33E0 /* sbcontrolTests.xctest */;
			productType = "com.apple.product-type.bundle.unit-test";
		};
		CA94E8872C147E77009D33E0 /* sbcontrolUITests */ = {
			isa = PBXNativeTarget;
			buildConfigurationList = CA94E8982C147E77009D33E0 /* Build configuration list for PBXNativeTarget "sbcontrolUITests" */;
			buildPhases = (
				CA94E8842C147E77009D33E0 /* Sources */,
				CA94E8852C147E77009D33E0 /* Frameworks */,
				CA94E8862C147E77009D33E0 /* Resources */,
			);
			buildRules = (
			);
			dependencies = (
				CA94E88A2C147E77009D33E0 /* PBXTargetDependency */,
			);
			name = sbcontrolUITests;
			productName = sbcontrolUITests;
			productReference = CA94E8882C147E77009D33E0 /* sbcontrolUITests.xctest */;
			productType = "com.apple.product-type.bundle.ui-testing";
		};
/* End PBXNativeTarget section */

/* Begin PBXProject section */
		CA94E8652C147E75009D33E0 /* Project object */ = {
			isa = PBXProject;
			attributes = {
				BuildIndependentTargetsInParallel = 1;
				LastSwiftUpdateCheck = 1540;
				LastUpgradeCheck = 1540;
				TargetAttributes = {
					CA94E86C2C147E75009D33E0 = {
						CreatedOnToolsVersion = 15.4;
					};
					CA94E87D2C147E77009D33E0 = {
						CreatedOnToolsVersion = 15.4;
						TestTargetID = CA94E86C2C147E75009D33E0;
					};
					CA94E8872C147E77009D33E0 = {
						CreatedOnToolsVersion = 15.4;
						TestTargetID = CA94E86C2C147E75009D33E0;
					};
				};
			};
			buildConfigurationList = CA94E8682C147E75009D33E0 /* Build configuration list for PBXProject "sbcontrol" */;
			compatibilityVersion = "Xcode 14.0";
			developmentRegion = en;
			hasScannedForEncodings = 0;
			knownRegions = (
				en,
				Base,
			);
			mainGroup = CA94E8642C147E75009D33E0;
			packageReferences = (
				CA2F1C442C15B02700BD2BC9 /* XCRemoteSwiftPackageReference "XCGLogger" */,
			);
			productRefGroup = CA94E86E2C147E75009D33E0 /* Products */;
			projectDirPath = "";
			projectRoot = "";
			targets = (
				CA94E86C2C147E75009D33E0 /* sbcontrol */,
				CA94E87D2C147E77009D33E0 /* sbcontrolTests */,
				CA94E8872C147E77009D33E0 /* sbcontrolUITests */,
			);
		};
/* End PBXProject section */

/* Begin PBXResourcesBuildPhase section */
		CA94E86B2C147E75009D33E0 /* Resources */ = {
			isa = PBXResourcesBuildPhase;
			buildActionMask = 2147483647;
			files = (
				CA94E8792C147E76009D33E0 /* Preview Assets.xcassets in Resources */,
				CA94E8752C147E76009D33E0 /* Assets.xcassets in Resources */,
				CA5B8D0B2C1CABD3003ADBBB /* Localizable.xcstrings in Resources */,
			);
			runOnlyForDeploymentPostprocessing = 0;
		};
		CA94E87C2C147E77009D33E0 /* Resources */ = {
			isa = PBXResourcesBuildPhase;
			buildActionMask = 2147483647;
			files = (
			);
			runOnlyForDeploymentPostprocessing = 0;
		};
		CA94E8862C147E77009D33E0 /* Resources */ = {
			isa = PBXResourcesBuildPhase;
			buildActionMask = 2147483647;
			files = (
			);
			runOnlyForDeploymentPostprocessing = 0;
		};
/* End PBXResourcesBuildPhase section */

/* Begin PBXSourcesBuildPhase section */
		CA94E8692C147E75009D33E0 /* Sources */ = {
			isa = PBXSourcesBuildPhase;
			buildActionMask = 2147483647;
			files = (
				CA94E8712C147E75009D33E0 /* sbcontrolApp.swift in Sources */,
				CA2F1C532C15C97300BD2BC9 /* DeviceSelectionRowView.swift in Sources */,
				CA2F1C592C16683F00BD2BC9 /* DeviceControlsView.swift in Sources */,
				CA5B8D0D2C1CAD19003ADBBB /* DeviceDetermination.swift in Sources */,
				CA5B8D0F2C1CC49B003ADBBB /* DeviceControlsBatterySection.swift in Sources */,
				CA5914232C1DDD82003A0399 /* LoaderView.swift in Sources */,
				CACA759F2C1910BC003A984C /* Crafty.swift in Sources */,
				CA5B8D132C1CCD05003ADBBB /* DeviceSettingsSection.swift in Sources */,
				CA2F1C6A2C16858C00BD2BC9 /* AppDelegate.swift in Sources */,
				CACA75982C18D2FD003A984C /* DeviceControlsAirButton.swift in Sources */,
				CA2F1C5F2C166CAF00BD2BC9 /* GraphView.swift in Sources */,
				CA2F1C5B2C166AF900BD2BC9 /* DeviceDetailsChartView.swift in Sources */,
				CA5B8D112C1CCCE0003ADBBB /* DeviceInformationSection.swift in Sources */,
				CA2F1C412C14E24F00BD2BC9 /* BLEManager.swift in Sources */,
				CACA75962C18D251003A984C /* DeviceControlsHeatButton.swift in Sources */,
				CACA759B2C190317003A984C /* Volcano.swift in Sources */,
				CACA759D2C190F21003A984C /* SBDevice.swift in Sources */,
				CA2F1C652C1684E300BD2BC9 /* DeviceSettingsView.swift in Sources */,
				CACA75942C18D171003A984C /* DeviceControlsTemperatureSection.swift in Sources */,
				CA2F1C4C2C15B26500BD2BC9 /* log.swift in Sources */,
				CA2F1C432C14E26800BD2BC9 /* ContentView.swift in Sources */,
				CA2F1C572C15CBC000BD2BC9 /* DeviceSelectionView.swift in Sources */,
				CA2F1C512C15C7DF00BD2BC9 /* DeviceDetailsView.swift in Sources */,
				CA2F1C682C16855C00BD2BC9 /* SettingsView.swift in Sources */,
			);
			runOnlyForDeploymentPostprocessing = 0;
		};
		CA94E87A2C147E77009D33E0 /* Sources */ = {
			isa = PBXSourcesBuildPhase;
			buildActionMask = 2147483647;
			files = (
				CA94E8832C147E77009D33E0 /* sbcontrolTests.swift in Sources */,
			);
			runOnlyForDeploymentPostprocessing = 0;
		};
		CA94E8842C147E77009D33E0 /* Sources */ = {
			isa = PBXSourcesBuildPhase;
			buildActionMask = 2147483647;
			files = (
				CA94E88D2C147E77009D33E0 /* sbcontrolUITests.swift in Sources */,
				CA94E88F2C147E77009D33E0 /* sbcontrolUITestsLaunchTests.swift in Sources */,
			);
			runOnlyForDeploymentPostprocessing = 0;
		};
/* End PBXSourcesBuildPhase section */

/* Begin PBXTargetDependency section */
		CA94E8802C147E77009D33E0 /* PBXTargetDependency */ = {
			isa = PBXTargetDependency;
			target = CA94E86C2C147E75009D33E0 /* sbcontrol */;
			targetProxy = CA94E87F2C147E77009D33E0 /* PBXContainerItemProxy */;
		};
		CA94E88A2C147E77009D33E0 /* PBXTargetDependency */ = {
			isa = PBXTargetDependency;
			target = CA94E86C2C147E75009D33E0 /* sbcontrol */;
			targetProxy = CA94E8892C147E77009D33E0 /* PBXContainerItemProxy */;
		};
/* End PBXTargetDependency section */

/* Begin XCBuildConfiguration section */
		CA94E8902C147E77009D33E0 /* Debug */ = {
			isa = XCBuildConfiguration;
			buildSettings = {
				ALWAYS_SEARCH_USER_PATHS = NO;
				ASSETCATALOG_COMPILER_GENERATE_SWIFT_ASSET_SYMBOL_EXTENSIONS = YES;
				CLANG_ANALYZER_NONNULL = YES;
				CLANG_ANALYZER_NUMBER_OBJECT_CONVERSION = YES_AGGRESSIVE;
				CLANG_CXX_LANGUAGE_STANDARD = "gnu++20";
				CLANG_ENABLE_MODULES = YES;
				CLANG_ENABLE_OBJC_ARC = YES;
				CLANG_ENABLE_OBJC_WEAK = YES;
				CLANG_WARN_BLOCK_CAPTURE_AUTORELEASING = YES;
				CLANG_WARN_BOOL_CONVERSION = YES;
				CLANG_WARN_COMMA = YES;
				CLANG_WARN_CONSTANT_CONVERSION = YES;
				CLANG_WARN_DEPRECATED_OBJC_IMPLEMENTATIONS = YES;
				CLANG_WARN_DIRECT_OBJC_ISA_USAGE = YES_ERROR;
				CLANG_WARN_DOCUMENTATION_COMMENTS = YES;
				CLANG_WARN_EMPTY_BODY = YES;
				CLANG_WARN_ENUM_CONVERSION = YES;
				CLANG_WARN_INFINITE_RECURSION = YES;
				CLANG_WARN_INT_CONVERSION = YES;
				CLANG_WARN_NON_LITERAL_NULL_CONVERSION = YES;
				CLANG_WARN_OBJC_IMPLICIT_RETAIN_SELF = YES;
				CLANG_WARN_OBJC_LITERAL_CONVERSION = YES;
				CLANG_WARN_OBJC_ROOT_CLASS = YES_ERROR;
				CLANG_WARN_QUOTED_INCLUDE_IN_FRAMEWORK_HEADER = YES;
				CLANG_WARN_RANGE_LOOP_ANALYSIS = YES;
				CLANG_WARN_STRICT_PROTOTYPES = YES;
				CLANG_WARN_SUSPICIOUS_MOVE = YES;
				CLANG_WARN_UNGUARDED_AVAILABILITY = YES_AGGRESSIVE;
				CLANG_WARN_UNREACHABLE_CODE = YES;
				CLANG_WARN__DUPLICATE_METHOD_MATCH = YES;
				COPY_PHASE_STRIP = NO;
				DEBUG_INFORMATION_FORMAT = dwarf;
				ENABLE_STRICT_OBJC_MSGSEND = YES;
				ENABLE_TESTABILITY = YES;
				ENABLE_USER_SCRIPT_SANDBOXING = YES;
				GCC_C_LANGUAGE_STANDARD = gnu17;
				GCC_DYNAMIC_NO_PIC = NO;
				GCC_NO_COMMON_BLOCKS = YES;
				GCC_OPTIMIZATION_LEVEL = 0;
				GCC_PREPROCESSOR_DEFINITIONS = (
					"DEBUG=1",
					"$(inherited)",
				);
				GCC_WARN_64_TO_32_BIT_CONVERSION = YES;
				GCC_WARN_ABOUT_RETURN_TYPE = YES_ERROR;
				GCC_WARN_UNDECLARED_SELECTOR = YES;
				GCC_WARN_UNINITIALIZED_AUTOS = YES_AGGRESSIVE;
				GCC_WARN_UNUSED_FUNCTION = YES;
				GCC_WARN_UNUSED_VARIABLE = YES;
				LOCALIZATION_PREFERS_STRING_CATALOGS = YES;
				MTL_ENABLE_DEBUG_INFO = INCLUDE_SOURCE;
				MTL_FAST_MATH = YES;
				ONLY_ACTIVE_ARCH = YES;
				SWIFT_ACTIVE_COMPILATION_CONDITIONS = "DEBUG $(inherited)";
				SWIFT_EMIT_LOC_STRINGS = YES;
				SWIFT_OPTIMIZATION_LEVEL = "-Onone";
			};
			name = Debug;
		};
		CA94E8912C147E77009D33E0 /* Release */ = {
			isa = XCBuildConfiguration;
			buildSettings = {
				ALWAYS_SEARCH_USER_PATHS = NO;
				ASSETCATALOG_COMPILER_GENERATE_SWIFT_ASSET_SYMBOL_EXTENSIONS = YES;
				CLANG_ANALYZER_NONNULL = YES;
				CLANG_ANALYZER_NUMBER_OBJECT_CONVERSION = YES_AGGRESSIVE;
				CLANG_CXX_LANGUAGE_STANDARD = "gnu++20";
				CLANG_ENABLE_MODULES = YES;
				CLANG_ENABLE_OBJC_ARC = YES;
				CLANG_ENABLE_OBJC_WEAK = YES;
				CLANG_WARN_BLOCK_CAPTURE_AUTORELEASING = YES;
				CLANG_WARN_BOOL_CONVERSION = YES;
				CLANG_WARN_COMMA = YES;
				CLANG_WARN_CONSTANT_CONVERSION = YES;
				CLANG_WARN_DEPRECATED_OBJC_IMPLEMENTATIONS = YES;
				CLANG_WARN_DIRECT_OBJC_ISA_USAGE = YES_ERROR;
				CLANG_WARN_DOCUMENTATION_COMMENTS = YES;
				CLANG_WARN_EMPTY_BODY = YES;
				CLANG_WARN_ENUM_CONVERSION = YES;
				CLANG_WARN_INFINITE_RECURSION = YES;
				CLANG_WARN_INT_CONVERSION = YES;
				CLANG_WARN_NON_LITERAL_NULL_CONVERSION = YES;
				CLANG_WARN_OBJC_IMPLICIT_RETAIN_SELF = YES;
				CLANG_WARN_OBJC_LITERAL_CONVERSION = YES;
				CLANG_WARN_OBJC_ROOT_CLASS = YES_ERROR;
				CLANG_WARN_QUOTED_INCLUDE_IN_FRAMEWORK_HEADER = YES;
				CLANG_WARN_RANGE_LOOP_ANALYSIS = YES;
				CLANG_WARN_STRICT_PROTOTYPES = YES;
				CLANG_WARN_SUSPICIOUS_MOVE = YES;
				CLANG_WARN_UNGUARDED_AVAILABILITY = YES_AGGRESSIVE;
				CLANG_WARN_UNREACHABLE_CODE = YES;
				CLANG_WARN__DUPLICATE_METHOD_MATCH = YES;
				COPY_PHASE_STRIP = NO;
				DEBUG_INFORMATION_FORMAT = "dwarf-with-dsym";
				ENABLE_NS_ASSERTIONS = NO;
				ENABLE_STRICT_OBJC_MSGSEND = YES;
				ENABLE_USER_SCRIPT_SANDBOXING = YES;
				GCC_C_LANGUAGE_STANDARD = gnu17;
				GCC_NO_COMMON_BLOCKS = YES;
				GCC_WARN_64_TO_32_BIT_CONVERSION = YES;
				GCC_WARN_ABOUT_RETURN_TYPE = YES_ERROR;
				GCC_WARN_UNDECLARED_SELECTOR = YES;
				GCC_WARN_UNINITIALIZED_AUTOS = YES_AGGRESSIVE;
				GCC_WARN_UNUSED_FUNCTION = YES;
				GCC_WARN_UNUSED_VARIABLE = YES;
				LOCALIZATION_PREFERS_STRING_CATALOGS = YES;
				MTL_ENABLE_DEBUG_INFO = NO;
				MTL_FAST_MATH = YES;
				SWIFT_COMPILATION_MODE = wholemodule;
				SWIFT_EMIT_LOC_STRINGS = YES;
			};
			name = Release;
		};
		CA94E8932C147E77009D33E0 /* Debug */ = {
			isa = XCBuildConfiguration;
			buildSettings = {
				ASSETCATALOG_COMPILER_APPICON_NAME = AppIcon;
				ASSETCATALOG_COMPILER_GLOBAL_ACCENT_COLOR_NAME = AccentColor;
				CODE_SIGN_ENTITLEMENTS = sbcontrol/sbcontrol.entitlements;
				CODE_SIGN_STYLE = Automatic;
				CURRENT_PROJECT_VERSION = 1;
				DEVELOPMENT_ASSET_PATHS = "\"sbcontrol/Preview Content\"";
				DEVELOPMENT_TEAM = QW822SWXUV;
				ENABLE_HARDENED_RUNTIME = YES;
				ENABLE_PREVIEWS = YES;
				GENERATE_INFOPLIST_FILE = YES;
				INFOPLIST_KEY_CFBundleDisplayName = SBControl;
				INFOPLIST_KEY_LSApplicationCategoryType = "public.app-category.medical";
				INFOPLIST_KEY_NSBluetoothAlwaysUsageDescription = "The app needs bluetooth to connect to the bluetooth device.";
				INFOPLIST_KEY_NSBluetoothPeripheralUsageDescription = "The app needs bluetooth to connect to the bluetooth device.";
				"INFOPLIST_KEY_UIApplicationSceneManifest_Generation[sdk=iphoneos*]" = YES;
				"INFOPLIST_KEY_UIApplicationSceneManifest_Generation[sdk=iphonesimulator*]" = YES;
				"INFOPLIST_KEY_UIApplicationSupportsIndirectInputEvents[sdk=iphoneos*]" = YES;
				"INFOPLIST_KEY_UIApplicationSupportsIndirectInputEvents[sdk=iphonesimulator*]" = YES;
				"INFOPLIST_KEY_UILaunchScreen_Generation[sdk=iphoneos*]" = YES;
				"INFOPLIST_KEY_UILaunchScreen_Generation[sdk=iphonesimulator*]" = YES;
				"INFOPLIST_KEY_UIStatusBarStyle[sdk=iphoneos*]" = UIStatusBarStyleDefault;
				"INFOPLIST_KEY_UIStatusBarStyle[sdk=iphonesimulator*]" = UIStatusBarStyleDefault;
				INFOPLIST_KEY_UISupportedInterfaceOrientations = "UIInterfaceOrientationLandscapeLeft UIInterfaceOrientationLandscapeRight UIInterfaceOrientationPortrait UIInterfaceOrientationPortraitUpsideDown";
				IPHONEOS_DEPLOYMENT_TARGET = 17.5;
				LD_RUNPATH_SEARCH_PATHS = "@executable_path/Frameworks";
				"LD_RUNPATH_SEARCH_PATHS[sdk=macosx*]" = "@executable_path/../Frameworks";
				MACOSX_DEPLOYMENT_TARGET = 14.5;
				MARKETING_VERSION = 1.0;
				PRODUCT_BUNDLE_IDENTIFIER = sh.lrk.sbcontrol;
				PRODUCT_NAME = "$(TARGET_NAME)";
				SDKROOT = auto;
				SUPPORTED_PLATFORMS = "iphoneos iphonesimulator macosx";
				SWIFT_EMIT_LOC_STRINGS = YES;
				SWIFT_VERSION = 5.0;
				TARGETED_DEVICE_FAMILY = "1,2";
			};
			name = Debug;
		};
		CA94E8942C147E77009D33E0 /* Release */ = {
			isa = XCBuildConfiguration;
			buildSettings = {
				ASSETCATALOG_COMPILER_APPICON_NAME = AppIcon;
				ASSETCATALOG_COMPILER_GLOBAL_ACCENT_COLOR_NAME = AccentColor;
				CODE_SIGN_ENTITLEMENTS = sbcontrol/sbcontrol.entitlements;
				CODE_SIGN_STYLE = Automatic;
				CURRENT_PROJECT_VERSION = 1;
				DEVELOPMENT_ASSET_PATHS = "\"sbcontrol/Preview Content\"";
				DEVELOPMENT_TEAM = QW822SWXUV;
				ENABLE_HARDENED_RUNTIME = YES;
				ENABLE_PREVIEWS = YES;
				GENERATE_INFOPLIST_FILE = YES;
				INFOPLIST_KEY_CFBundleDisplayName = SBControl;
				INFOPLIST_KEY_LSApplicationCategoryType = "public.app-category.medical";
				INFOPLIST_KEY_NSBluetoothAlwaysUsageDescription = "The app needs bluetooth to connect to the bluetooth device.";
				INFOPLIST_KEY_NSBluetoothPeripheralUsageDescription = "The app needs bluetooth to connect to the bluetooth device.";
				"INFOPLIST_KEY_UIApplicationSceneManifest_Generation[sdk=iphoneos*]" = YES;
				"INFOPLIST_KEY_UIApplicationSceneManifest_Generation[sdk=iphonesimulator*]" = YES;
				"INFOPLIST_KEY_UIApplicationSupportsIndirectInputEvents[sdk=iphoneos*]" = YES;
				"INFOPLIST_KEY_UIApplicationSupportsIndirectInputEvents[sdk=iphonesimulator*]" = YES;
				"INFOPLIST_KEY_UILaunchScreen_Generation[sdk=iphoneos*]" = YES;
				"INFOPLIST_KEY_UILaunchScreen_Generation[sdk=iphonesimulator*]" = YES;
				"INFOPLIST_KEY_UIStatusBarStyle[sdk=iphoneos*]" = UIStatusBarStyleDefault;
				"INFOPLIST_KEY_UIStatusBarStyle[sdk=iphonesimulator*]" = UIStatusBarStyleDefault;
				INFOPLIST_KEY_UISupportedInterfaceOrientations = "UIInterfaceOrientationLandscapeLeft UIInterfaceOrientationLandscapeRight UIInterfaceOrientationPortrait UIInterfaceOrientationPortraitUpsideDown";
				IPHONEOS_DEPLOYMENT_TARGET = 17.5;
				LD_RUNPATH_SEARCH_PATHS = "@executable_path/Frameworks";
				"LD_RUNPATH_SEARCH_PATHS[sdk=macosx*]" = "@executable_path/../Frameworks";
				MACOSX_DEPLOYMENT_TARGET = 14.5;
				MARKETING_VERSION = 1.0;
				PRODUCT_BUNDLE_IDENTIFIER = sh.lrk.sbcontrol;
				PRODUCT_NAME = "$(TARGET_NAME)";
				SDKROOT = auto;
				SUPPORTED_PLATFORMS = "iphoneos iphonesimulator macosx";
				SWIFT_EMIT_LOC_STRINGS = YES;
				SWIFT_VERSION = 5.0;
				TARGETED_DEVICE_FAMILY = "1,2";
			};
			name = Release;
		};
		CA94E8962C147E77009D33E0 /* Debug */ = {
			isa = XCBuildConfiguration;
			buildSettings = {
				ALWAYS_EMBED_SWIFT_STANDARD_LIBRARIES = YES;
				BUNDLE_LOADER = "$(TEST_HOST)";
				CODE_SIGN_STYLE = Automatic;
				CURRENT_PROJECT_VERSION = 1;
				DEVELOPMENT_TEAM = QW822SWXUV;
				GENERATE_INFOPLIST_FILE = YES;
				IPHONEOS_DEPLOYMENT_TARGET = 17.5;
				MACOSX_DEPLOYMENT_TARGET = 14.5;
				MARKETING_VERSION = 1.0;
				PRODUCT_BUNDLE_IDENTIFIER = sh.lrk.sbcontrolTests;
				PRODUCT_NAME = "$(TARGET_NAME)";
				SDKROOT = auto;
				SUPPORTED_PLATFORMS = "iphoneos iphonesimulator macosx";
				SWIFT_EMIT_LOC_STRINGS = NO;
				SWIFT_VERSION = 5.0;
				TARGETED_DEVICE_FAMILY = "1,2";
				TEST_HOST = "$(BUILT_PRODUCTS_DIR)/sbcontrol.app/$(BUNDLE_EXECUTABLE_FOLDER_PATH)/sbcontrol";
			};
			name = Debug;
		};
		CA94E8972C147E77009D33E0 /* Release */ = {
			isa = XCBuildConfiguration;
			buildSettings = {
				ALWAYS_EMBED_SWIFT_STANDARD_LIBRARIES = YES;
				BUNDLE_LOADER = "$(TEST_HOST)";
				CODE_SIGN_STYLE = Automatic;
				CURRENT_PROJECT_VERSION = 1;
				DEVELOPMENT_TEAM = QW822SWXUV;
				GENERATE_INFOPLIST_FILE = YES;
				IPHONEOS_DEPLOYMENT_TARGET = 17.5;
				MACOSX_DEPLOYMENT_TARGET = 14.5;
				MARKETING_VERSION = 1.0;
				PRODUCT_BUNDLE_IDENTIFIER = sh.lrk.sbcontrolTests;
				PRODUCT_NAME = "$(TARGET_NAME)";
				SDKROOT = auto;
				SUPPORTED_PLATFORMS = "iphoneos iphonesimulator macosx";
				SWIFT_EMIT_LOC_STRINGS = NO;
				SWIFT_VERSION = 5.0;
				TARGETED_DEVICE_FAMILY = "1,2";
				TEST_HOST = "$(BUILT_PRODUCTS_DIR)/sbcontrol.app/$(BUNDLE_EXECUTABLE_FOLDER_PATH)/sbcontrol";
			};
			name = Release;
		};
		CA94E8992C147E77009D33E0 /* Debug */ = {
			isa = XCBuildConfiguration;
			buildSettings = {
				ALWAYS_EMBED_SWIFT_STANDARD_LIBRARIES = YES;
				CODE_SIGN_STYLE = Automatic;
				CURRENT_PROJECT_VERSION = 1;
				DEVELOPMENT_TEAM = QW822SWXUV;
				GENERATE_INFOPLIST_FILE = YES;
				IPHONEOS_DEPLOYMENT_TARGET = 17.5;
				MACOSX_DEPLOYMENT_TARGET = 14.5;
				MARKETING_VERSION = 1.0;
				PRODUCT_BUNDLE_IDENTIFIER = sh.lrk.sbcontrolUITests;
				PRODUCT_NAME = "$(TARGET_NAME)";
				SDKROOT = auto;
				SUPPORTED_PLATFORMS = "iphoneos iphonesimulator macosx";
				SWIFT_EMIT_LOC_STRINGS = NO;
				SWIFT_VERSION = 5.0;
				TARGETED_DEVICE_FAMILY = "1,2";
				TEST_TARGET_NAME = sbcontrol;
			};
			name = Debug;
		};
		CA94E89A2C147E77009D33E0 /* Release */ = {
			isa = XCBuildConfiguration;
			buildSettings = {
				ALWAYS_EMBED_SWIFT_STANDARD_LIBRARIES = YES;
				CODE_SIGN_STYLE = Automatic;
				CURRENT_PROJECT_VERSION = 1;
				DEVELOPMENT_TEAM = QW822SWXUV;
				GENERATE_INFOPLIST_FILE = YES;
				IPHONEOS_DEPLOYMENT_TARGET = 17.5;
				MACOSX_DEPLOYMENT_TARGET = 14.5;
				MARKETING_VERSION = 1.0;
				PRODUCT_BUNDLE_IDENTIFIER = sh.lrk.sbcontrolUITests;
				PRODUCT_NAME = "$(TARGET_NAME)";
				SDKROOT = auto;
				SUPPORTED_PLATFORMS = "iphoneos iphonesimulator macosx";
				SWIFT_EMIT_LOC_STRINGS = NO;
				SWIFT_VERSION = 5.0;
				TARGETED_DEVICE_FAMILY = "1,2";
				TEST_TARGET_NAME = sbcontrol;
			};
			name = Release;
		};
/* End XCBuildConfiguration section */

/* Begin XCConfigurationList section */
		CA94E8682C147E75009D33E0 /* Build configuration list for PBXProject "sbcontrol" */ = {
			isa = XCConfigurationList;
			buildConfigurations = (
				CA94E8902C147E77009D33E0 /* Debug */,
				CA94E8912C147E77009D33E0 /* Release */,
			);
			defaultConfigurationIsVisible = 0;
			defaultConfigurationName = Release;
		};
		CA94E8922C147E77009D33E0 /* Build configuration list for PBXNativeTarget "sbcontrol" */ = {
			isa = XCConfigurationList;
			buildConfigurations = (
				CA94E8932C147E77009D33E0 /* Debug */,
				CA94E8942C147E77009D33E0 /* Release */,
			);
			defaultConfigurationIsVisible = 0;
			defaultConfigurationName = Release;
		};
		CA94E8952C147E77009D33E0 /* Build configuration list for PBXNativeTarget "sbcontrolTests" */ = {
			isa = XCConfigurationList;
			buildConfigurations = (
				CA94E8962C147E77009D33E0 /* Debug */,
				CA94E8972C147E77009D33E0 /* Release */,
			);
			defaultConfigurationIsVisible = 0;
			defaultConfigurationName = Release;
		};
		CA94E8982C147E77009D33E0 /* Build configuration list for PBXNativeTarget "sbcontrolUITests" */ = {
			isa = XCConfigurationList;
			buildConfigurations = (
				CA94E8992C147E77009D33E0 /* Debug */,
				CA94E89A2C147E77009D33E0 /* Release */,
			);
			defaultConfigurationIsVisible = 0;
			defaultConfigurationName = Release;
		};
/* End XCConfigurationList section */

/* Begin XCRemoteSwiftPackageReference section */
		CA2F1C442C15B02700BD2BC9 /* XCRemoteSwiftPackageReference "XCGLogger" */ = {
			isa = XCRemoteSwiftPackageReference;
			repositoryURL = "https://github.com/DaveWoodCom/XCGLogger";
			requirement = {
				kind = upToNextMajorVersion;
				minimumVersion = 7.1.5;
			};
		};
/* End XCRemoteSwiftPackageReference section */

/* Begin XCSwiftPackageProductDependency section */
		CA2F1C452C15B02700BD2BC9 /* ObjcExceptionBridging */ = {
			isa = XCSwiftPackageProductDependency;
			package = CA2F1C442C15B02700BD2BC9 /* XCRemoteSwiftPackageReference "XCGLogger" */;
			productName = ObjcExceptionBridging;
		};
		CA2F1C472C15B02700BD2BC9 /* XCGLogger */ = {
			isa = XCSwiftPackageProductDependency;
			package = CA2F1C442C15B02700BD2BC9 /* XCRemoteSwiftPackageReference "XCGLogger" */;
			productName = XCGLogger;
		};
/* End XCSwiftPackageProductDependency section */
	};
	rootObject = CA94E8652C147E75009D33E0 /* Project object */;
}
